
Microsoft Visual Studio Solution File, Format Version 12.00
# Visual Studio Version 17
VisualStudioVersion = 17.3.32929.385
MinimumVisualStudioVersion = 10.0.40219.1
Project("{FAE04EC0-301F-11D3-BF4B-00C04F79EFBC}") = "DeploymentProcess", "DeploymentProcess\DeploymentProcess.csproj", "{43462B08-E3AC-4907-92AF-0CC08DBF5C57}"
EndProject
Global
	GlobalSection(SolutionConfigurationPlatforms) = preSolution
		Debug|Any CPU = Debug|Any CPU
		Release|Any CPU = Release|Any CPU
	EndGlobalSection
	GlobalSection(ProjectConfigurationPlatforms) = postSolution
		{43462B08-E3AC-4907-92AF-0CC08DBF5C57}.Debug|Any CPU.ActiveCfg = Debug|Any CPU
		{43462B08-E3AC-4907-92AF-0CC08DBF5C57}.Debug|Any CPU.Build.0 = Debug|Any CPU
		{43462B08-E3AC-4907-92AF-0CC08DBF5C57}.Release|Any CPU.ActiveCfg = Release|Any CPU
		{43462B08-E3AC-4907-92AF-0CC08DBF5C57}.Release|Any CPU.Build.0 = Release|Any CPU
	EndGlobalSection
	GlobalSection(SolutionProperties) = preSolution
		HideSolutionNode = FALSE
	EndGlobalSection
	GlobalSection(ExtensibilityGlobals) = postSolution
		SolutionGuid = {02B20700-6A1E-4E98-92E5-78653846D461}
	EndGlobalSection
EndGlobal
